{
  "name": "agene_sunday_portfolio",
  "version": "1.0.0",
  "lockfileVersion": 1,
  "requires": true,
  "dependencies": {
    "@jlengstorf/get-share-image": {
      "version": "0.7.1",
      "resolved": "https://registry.npmjs.org/@jlengstorf/get-share-image/-/get-share-image-0.7.1.tgz",
      "integrity": "sha512-eXATsFDhdRYMqAcrBNW4SpZttAxlA9S/9IAvyUt7UTxxlwNXKo/tqrOxRoOSrA79l25QQ0oDqP/9BcdvvGmYxQ=="
    },
    "bootstrap": {
      "version": "4.5.0",
      "resolved": "https://registry.npmjs.org/bootstrap/-/bootstrap-4.5.0.tgz",
      "integrity": "sha512-Z93QoXvodoVslA+PWNdk23Hze4RBYIkpb5h8I2HY2Tu2h7A0LpAgLcyrhrSUyo2/Oxm2l1fRZPs1e5hnxnliXA=="
    }
  }
}
